
Microsoft Visual Studio Solution File, Format Version 12.00
# Visual Studio 15
VisualStudioVersion = 15.0.27703.2000
MinimumVisualStudioVersion = 10.0.40219.1
Project("{9A19103F-16F7-4668-BE54-9A1E7A4F7556}") = "LucidUnits", "LucidUnits\LucidUnits.csproj", "{0DD6D65C-3C9D-4DC8-A5AA-555A0947616D}"
EndProject
Project("{FAE04EC0-301F-11D3-BF4B-00C04F79EFBC}") = "LucidUnits.Test", "LucidUnits.Test\LucidUnits.Test.csproj", "{8A95756B-6FE5-4467-925F-92674A562286}"
EndProject
Global
	GlobalSection(SolutionConfigurationPlatforms) = preSolution
		Debug|Any CPU = Debug|Any CPU
		Release|Any CPU = Release|Any CPU
	EndGlobalSection
	GlobalSection(ProjectConfigurationPlatforms) = postSolution
		{0DD6D65C-3C9D-4DC8-A5AA-555A0947616D}.Debug|Any CPU.ActiveCfg = Debug|Any CPU
		{0DD6D65C-3C9D-4DC8-A5AA-555A0947616D}.Debug|Any CPU.Build.0 = Debug|Any CPU
		{0DD6D65C-3C9D-4DC8-A5AA-555A0947616D}.Release|Any CPU.ActiveCfg = Release|Any CPU
		{0DD6D65C-3C9D-4DC8-A5AA-555A0947616D}.Release|Any CPU.Build.0 = Release|Any CPU
		{8A95756B-6FE5-4467-925F-92674A562286}.Debug|Any CPU.ActiveCfg = Debug|Any CPU
		{8A95756B-6FE5-4467-925F-92674A562286}.Debug|Any CPU.Build.0 = Debug|Any CPU
		{8A95756B-6FE5-4467-925F-92674A562286}.Release|Any CPU.ActiveCfg = Release|Any CPU
		{8A95756B-6FE5-4467-925F-92674A562286}.Release|Any CPU.Build.0 = Release|Any CPU
	EndGlobalSection
	GlobalSection(SolutionProperties) = preSolution
		HideSolutionNode = FALSE
	EndGlobalSection
	GlobalSection(ExtensibilityGlobals) = postSolution
		SolutionGuid = {56D2281A-F0EC-4CBA-82EB-8AD0A3D2C63A}
	EndGlobalSection
EndGlobal
